
Microsoft Visual Studio Solution File, Format Version 12.00
Project("{FAE04EC0-301F-11D3-BF4B-00C04F79EFBC}") = "Auth0.Mvc", "Auth0.Mvc\Auth0.Mvc.csproj", "{9536741C-A3D2-47F3-81B0-38B6475A8AB8}"
EndProject
Project("{FAE04EC0-301F-11D3-BF4B-00C04F79EFBC}") = "SampleMvcApp", "SampleMvcApp\SampleMvcApp.csproj", "{C14A7E98-7913-4B22-8102-BF63DCC506B7}"
EndProject
Global
	GlobalSection(SolutionConfigurationPlatforms) = preSolution
		Debug|Any CPU = Debug|Any CPU
		Release|Any CPU = Release|Any CPU
	EndGlobalSection
	GlobalSection(ProjectConfigurationPlatforms) = postSolution
		{9536741C-A3D2-47F3-81B0-38B6475A8AB8}.Debug|Any CPU.ActiveCfg = Debug|Any CPU
		{9536741C-A3D2-47F3-81B0-38B6475A8AB8}.Debug|Any CPU.Build.0 = Debug|Any CPU
		{9536741C-A3D2-47F3-81B0-38B6475A8AB8}.Release|Any CPU.ActiveCfg = Release|Any CPU
		{9536741C-A3D2-47F3-81B0-38B6475A8AB8}.Release|Any CPU.Build.0 = Release|Any CPU
		{C14A7E98-7913-4B22-8102-BF63DCC506B7}.Debug|Any CPU.ActiveCfg = Debug|Any CPU
		{C14A7E98-7913-4B22-8102-BF63DCC506B7}.Debug|Any CPU.Build.0 = Debug|Any CPU
		{C14A7E98-7913-4B22-8102-BF63DCC506B7}.Release|Any CPU.ActiveCfg = Release|Any CPU
		{C14A7E98-7913-4B22-8102-BF63DCC506B7}.Release|Any CPU.Build.0 = Release|Any CPU
	EndGlobalSection
EndGlobal
